
Microsoft Visual Studio Solution File, Format Version 12.00
# Visual Studio 2013
VisualStudioVersion = 12.0.40629.0
MinimumVisualStudioVersion = 10.0.40219.1
Project("{2150E333-8FDC-42A3-9474-1A3956D46DE8}") = "@Solution Items", "@Solution Items", "{E942AA64-1A87-4E87-AD6B-0C1778D0ED82}"
	ProjectSection(SolutionItems) = preProject
		ChangeLog.md = ChangeLog.md
		README.md = README.md
		build\Targets.fsx = build\Targets.fsx
	EndProjectSection
EndProject
Project("{FAE04EC0-301F-11D3-BF4B-00C04F79EFBC}") = "Plainion.Windows.Editors", "src\Plainion.Windows.Editors\Plainion.Windows.Editors.csproj", "{E230A130-4058-4EC5-89E7-523DB5F59BE2}"
EndProject
Global
	GlobalSection(SolutionConfigurationPlatforms) = preSolution
		Debug|Any CPU = Debug|Any CPU
		Release|Any CPU = Release|Any CPU
	EndGlobalSection
	GlobalSection(ProjectConfigurationPlatforms) = postSolution
		{E230A130-4058-4EC5-89E7-523DB5F59BE2}.Debug|Any CPU.ActiveCfg = Debug|Any CPU
		{E230A130-4058-4EC5-89E7-523DB5F59BE2}.Debug|Any CPU.Build.0 = Debug|Any CPU
		{E230A130-4058-4EC5-89E7-523DB5F59BE2}.Release|Any CPU.ActiveCfg = Release|Any CPU
		{E230A130-4058-4EC5-89E7-523DB5F59BE2}.Release|Any CPU.Build.0 = Release|Any CPU
	EndGlobalSection
	GlobalSection(SolutionProperties) = preSolution
		HideSolutionNode = FALSE
	EndGlobalSection
EndGlobal
